
Microsoft Visual Studio Solution File, Format Version 12.00
# Visual Studio Version 17
VisualStudioVersion = 17.0.31903.59
MinimumVisualStudioVersion = 10.0.40219.1
Project("{9A19103F-16F7-4668-BE54-9A1E7A4F7556}") = "SaveWizard.Core", "SaveWizard.Core\SaveWizard.Core.csproj", "{BF70BB87-435C-4964-BB82-09C253835735}"
EndProject
Project("{9A19103F-16F7-4668-BE54-9A1E7A4F7556}") = "SaveWizard.Models", "SaveWizard.Models\SaveWizard.Models.csproj", "{DADECFB6-92C1-4EDD-903A-D10BB06AA591}"
EndProject
Project("{9A19103F-16F7-4668-BE54-9A1E7A4F7556}") = "SaveWizard.Tests", "SaveWizard.Tests\SaveWizard.Tests.csproj", "{4C64DDD8-2FA7-4DDD-BDD0-D67685F9D02E}"
EndProject
Project("{9A19103F-16F7-4668-BE54-9A1E7A4F7556}") = "ConsoleWizard", "SaveWizard.Presentation\Console\ConsoleWizard.csproj", "{2B2DC4D3-6B91-49A1-825F-07C0887E5559}"
EndProject
Project("{9A19103F-16F7-4668-BE54-9A1E7A4F7556}") = "SaveWizard.Authorization", "SaveWizard.Authorization\SaveWizard.Authorization.csproj", "{356797C1-ABFB-48A3-9D6E-06FEA9CA585B}"
EndProject
Global
	GlobalSection(SolutionConfigurationPlatforms) = preSolution
		Debug|Any CPU = Debug|Any CPU
		Release|Any CPU = Release|Any CPU
	EndGlobalSection
	GlobalSection(ProjectConfigurationPlatforms) = postSolution
		{BF70BB87-435C-4964-BB82-09C253835735}.Debug|Any CPU.ActiveCfg = Debug|Any CPU
		{BF70BB87-435C-4964-BB82-09C253835735}.Debug|Any CPU.Build.0 = Debug|Any CPU
		{BF70BB87-435C-4964-BB82-09C253835735}.Release|Any CPU.ActiveCfg = Release|Any CPU
		{BF70BB87-435C-4964-BB82-09C253835735}.Release|Any CPU.Build.0 = Release|Any CPU
		{DADECFB6-92C1-4EDD-903A-D10BB06AA591}.Debug|Any CPU.ActiveCfg = Debug|Any CPU
		{DADECFB6-92C1-4EDD-903A-D10BB06AA591}.Debug|Any CPU.Build.0 = Debug|Any CPU
		{DADECFB6-92C1-4EDD-903A-D10BB06AA591}.Release|Any CPU.ActiveCfg = Release|Any CPU
		{DADECFB6-92C1-4EDD-903A-D10BB06AA591}.Release|Any CPU.Build.0 = Release|Any CPU
		{4C64DDD8-2FA7-4DDD-BDD0-D67685F9D02E}.Debug|Any CPU.ActiveCfg = Debug|Any CPU
		{4C64DDD8-2FA7-4DDD-BDD0-D67685F9D02E}.Debug|Any CPU.Build.0 = Debug|Any CPU
		{4C64DDD8-2FA7-4DDD-BDD0-D67685F9D02E}.Release|Any CPU.ActiveCfg = Release|Any CPU
		{4C64DDD8-2FA7-4DDD-BDD0-D67685F9D02E}.Release|Any CPU.Build.0 = Release|Any CPU
		{2B2DC4D3-6B91-49A1-825F-07C0887E5559}.Debug|Any CPU.ActiveCfg = Debug|Any CPU
		{2B2DC4D3-6B91-49A1-825F-07C0887E5559}.Debug|Any CPU.Build.0 = Debug|Any CPU
		{2B2DC4D3-6B91-49A1-825F-07C0887E5559}.Release|Any CPU.ActiveCfg = Release|Any CPU
		{2B2DC4D3-6B91-49A1-825F-07C0887E5559}.Release|Any CPU.Build.0 = Release|Any CPU
		{356797C1-ABFB-48A3-9D6E-06FEA9CA585B}.Debug|Any CPU.ActiveCfg = Debug|Any CPU
		{356797C1-ABFB-48A3-9D6E-06FEA9CA585B}.Debug|Any CPU.Build.0 = Debug|Any CPU
		{356797C1-ABFB-48A3-9D6E-06FEA9CA585B}.Release|Any CPU.ActiveCfg = Release|Any CPU
		{356797C1-ABFB-48A3-9D6E-06FEA9CA585B}.Release|Any CPU.Build.0 = Release|Any CPU
	EndGlobalSection
	GlobalSection(SolutionProperties) = preSolution
		HideSolutionNode = FALSE
	EndGlobalSection
	GlobalSection(ExtensibilityGlobals) = postSolution
		SolutionGuid = {D99A832B-9B22-4E64-93AE-1D0AD7B00C55}
	EndGlobalSection
EndGlobal
